{
  "requires": true,
  "lockfileVersion": 1,
  "dependencies": {
    "@fullcalendar/common": {
      "version": "5.10.1",
      "resolved": "https://registry.npmjs.org/@fullcalendar/common/-/common-5.10.1.tgz",
      "integrity": "sha512-EumKIJcQTvQdTs75/9dmeREFgjcRVWzqHJS1Xvlz5mNsmB+w9EINCHETRjChtAQg1WD/lTQyVj4sHsKO7vCMSw==",
      "requires": {
        "tslib": "^2.1.0"
      }
    },
    "@fullcalendar/interaction": {
      "version": "5.10.1",
      "resolved": "https://registry.npmjs.org/@fullcalendar/interaction/-/interaction-5.10.1.tgz",
      "integrity": "sha512-H1g1QeXg7yXtUcKmVtfg7uzm5R5ElFTvYniiXU+8kJda69IDg7Lee+Y7UDv5dvLb5/HxO86RhPVxRtcOQ8XdXw==",
      "requires": {
        "@fullcalendar/common": "~5.10.1",
        "tslib": "^2.1.0"
      }
    },
    "tslib": {
      "version": "2.3.1",
      "resolved": "https://registry.npmjs.org/tslib/-/tslib-2.3.1.tgz",
      "integrity": "sha512-77EbyPPpMz+FRFRuAFlWMtmgUWGe9UOG2Z25NqCwiIjRhOf5iKGuzSe5P2w1laq+FkRy4p+PCuVkJSGkzTEKVw=="
    }
  }
}
